
Microsoft Visual Studio Solution File, Format Version 12.00
# Visual Studio Version 16
VisualStudioVersion = 16.0.31129.286
MinimumVisualStudioVersion = 10.0.40219.1
Project("{FAE04EC0-301F-11D3-BF4B-00C04F79EFBC}") = "ShakespearePigLatin", "ShakespearePigLatin.csproj", "{117440BC-AE56-4DF0-ACAB-A3DA55C55D74}"
EndProject
Global
	GlobalSection(SolutionConfigurationPlatforms) = preSolution
		Debug|Any CPU = Debug|Any CPU
		Release|Any CPU = Release|Any CPU
	EndGlobalSection
	GlobalSection(ProjectConfigurationPlatforms) = postSolution
		{117440BC-AE56-4DF0-ACAB-A3DA55C55D74}.Debug|Any CPU.ActiveCfg = Debug|Any CPU
		{117440BC-AE56-4DF0-ACAB-A3DA55C55D74}.Debug|Any CPU.Build.0 = Debug|Any CPU
		{117440BC-AE56-4DF0-ACAB-A3DA55C55D74}.Release|Any CPU.ActiveCfg = Release|Any CPU
		{117440BC-AE56-4DF0-ACAB-A3DA55C55D74}.Release|Any CPU.Build.0 = Release|Any CPU
	EndGlobalSection
	GlobalSection(SolutionProperties) = preSolution
		HideSolutionNode = FALSE
	EndGlobalSection
	GlobalSection(ExtensibilityGlobals) = postSolution
		SolutionGuid = {485D6A76-5687-42F0-B801-E8A0C2D1D111}
	EndGlobalSection
EndGlobal
